{
  "object": {
    "pins": [
      {
        "package": "CSErrors",
        "repositoryURL": "https://github.com/CharlesJS/CSErrors",
        "state": {
          "branch": "master",
          "revision": "4516e384b4ec90312b350b8065fd1523cf98f3c0",
          "version": null
        }
      }
    ]
  },
  "version": 1
}
