{
  "object": {
    "pins": [
      {
        "package": "CSErrors",
        "repositoryURL": "https://github.com/CharlesJS/CSErrors",
        "state": {
          "branch": "master",
          "revision": "1847537713809cd6176a34b2912756544ad9139e",
          "version": null
        }
      }
    ]
  },
  "version": 1
}
